// !$*UTF8*$!
{
	archiveVersion = 1;
	classes = {
	};
	objectVersion = 56;
	objects = {

/* Begin PBXBuildFile section */
		EA38962529C1981E00D64605 /* Food.swift in Sources */ = {isa = PBXBuildFile; fileRef = EA38962429C1981E00D64605 /* Food.swift */; };
		EA38962729C1989200D64605 /* FoodListView.swift in Sources */ = {isa = PBXBuildFile; fileRef = EA38962629C1989200D64605 /* FoodListView.swift */; };
		EA38962929C1A0C700D64605 /* FoodDetailView.swift in Sources */ = {isa = PBXBuildFile; fileRef = EA38962829C1A0C700D64605 /* FoodDetailView.swift */; };
		EA38962B29C1AEA800D64605 /* YouTubePlayerView.swift in Sources */ = {isa = PBXBuildFile; fileRef = EA38962A29C1AEA800D64605 /* YouTubePlayerView.swift */; };
		EA38962D29C1D23F00D64605 /* Games.swift in Sources */ = {isa = PBXBuildFile; fileRef = EA38962C29C1D23F00D64605 /* Games.swift */; };
		EA38962F29C1D31700D64605 /* GamesListView.swift in Sources */ = {isa = PBXBuildFile; fileRef = EA38962E29C1D31700D64605 /* GamesListView.swift */; };
		EA38963129C1D4B000D64605 /* GamesDetailView.swift in Sources */ = {isa = PBXBuildFile; fileRef = EA38963029C1D4B000D64605 /* GamesDetailView.swift */; };
		EA38963429C1D7A900D64605 /* QuizView.swift in Sources */ = {isa = PBXBuildFile; fileRef = EA38963329C1D7A900D64605 /* QuizView.swift */; };
		EA38963629C2D6C900D64605 /* Questions.swift in Sources */ = {isa = PBXBuildFile; fileRef = EA38963529C2D6C900D64605 /* Questions.swift */; };
		EA698F8429BBDE6C000768E3 /* CatsAPPApp.swift in Sources */ = {isa = PBXBuildFile; fileRef = EA698F8329BBDE6C000768E3 /* CatsAPPApp.swift */; };
		EA698F8629BBDE6C000768E3 /* ContentView.swift in Sources */ = {isa = PBXBuildFile; fileRef = EA698F8529BBDE6C000768E3 /* ContentView.swift */; };
		EA698F8829BBDE6D000768E3 /* Assets.xcassets in Resources */ = {isa = PBXBuildFile; fileRef = EA698F8729BBDE6D000768E3 /* Assets.xcassets */; };
		EA698F8B29BBDE6D000768E3 /* Preview Assets.xcassets in Resources */ = {isa = PBXBuildFile; fileRef = EA698F8A29BBDE6D000768E3 /* Preview Assets.xcassets */; };
		EA8668FE29BC99970091163B /* Breeds.swift in Sources */ = {isa = PBXBuildFile; fileRef = EA8668FD29BC99970091163B /* Breeds.swift */; };
		EA86690029BC9CF50091163B /* BreedRowView.swift in Sources */ = {isa = PBXBuildFile; fileRef = EA8668FF29BC9CF50091163B /* BreedRowView.swift */; };
		EA86690229BC9D7E0091163B /* BreedDetailView.swift in Sources */ = {isa = PBXBuildFile; fileRef = EA86690129BC9D7E0091163B /* BreedDetailView.swift */; };
		EA86690429BCA3BC0091163B /* BreedGridCellView.swift in Sources */ = {isa = PBXBuildFile; fileRef = EA86690329BCA3BC0091163B /* BreedGridCellView.swift */; };
		EA86690C29BCF41C0091163B /* CatFactView.swift in Sources */ = {isa = PBXBuildFile; fileRef = EA86690B29BCF41C0091163B /* CatFactView.swift */; };
		EA86690F29BCFADD0091163B /* URLImage in Frameworks */ = {isa = PBXBuildFile; productRef = EA86690E29BCFADD0091163B /* URLImage */; };
/* End PBXBuildFile section */

/* Begin PBXFileReference section */
		EA38962429C1981E00D64605 /* Food.swift */ = {isa = PBXFileReference; lastKnownFileType = sourcecode.swift; path = Food.swift; sourceTree = "<group>"; };
		EA38962629C1989200D64605 /* FoodListView.swift */ = {isa = PBXFileReference; lastKnownFileType = sourcecode.swift; path = FoodListView.swift; sourceTree = "<group>"; };
		EA38962829C1A0C700D64605 /* FoodDetailView.swift */ = {isa = PBXFileReference; lastKnownFileType = sourcecode.swift; path = FoodDetailView.swift; sourceTree = "<group>"; };
		EA38962A29C1AEA800D64605 /* YouTubePlayerView.swift */ = {isa = PBXFileReference; lastKnownFileType = sourcecode.swift; path = YouTubePlayerView.swift; sourceTree = "<group>"; };
		EA38962C29C1D23F00D64605 /* Games.swift */ = {isa = PBXFileReference; lastKnownFileType = sourcecode.swift; path = Games.swift; sourceTree = "<group>"; };
		EA38962E29C1D31700D64605 /* GamesListView.swift */ = {isa = PBXFileReference; lastKnownFileType = sourcecode.swift; path = GamesListView.swift; sourceTree = "<group>"; };
		EA38963029C1D4B000D64605 /* GamesDetailView.swift */ = {isa = PBXFileReference; lastKnownFileType = sourcecode.swift; path = GamesDetailView.swift; sourceTree = "<group>"; };
		EA38963329C1D7A900D64605 /* QuizView.swift */ = {isa = PBXFileReference; lastKnownFileType = sourcecode.swift; path = QuizView.swift; sourceTree = "<group>"; };
		EA38963529C2D6C900D64605 /* Questions.swift */ = {isa = PBXFileReference; lastKnownFileType = sourcecode.swift; path = Questions.swift; sourceTree = "<group>"; };
		EA698F8029BBDE6C000768E3 /* CatsAPP.app */ = {isa = PBXFileReference; explicitFileType = wrapper.application; includeInIndex = 0; path = CatsAPP.app; sourceTree = BUILT_PRODUCTS_DIR; };
		EA698F8329BBDE6C000768E3 /* CatsAPPApp.swift */ = {isa = PBXFileReference; lastKnownFileType = sourcecode.swift; path = CatsAPPApp.swift; sourceTree = "<group>"; };
		EA698F8529BBDE6C000768E3 /* ContentView.swift */ = {isa = PBXFileReference; lastKnownFileType = sourcecode.swift; path = ContentView.swift; sourceTree = "<group>"; };
		EA698F8729BBDE6D000768E3 /* Assets.xcassets */ = {isa = PBXFileReference; lastKnownFileType = folder.assetcatalog; path = Assets.xcassets; sourceTree = "<group>"; };
		EA698F8A29BBDE6D000768E3 /* Preview Assets.xcassets */ = {isa = PBXFileReference; lastKnownFileType = folder.assetcatalog; path = "Preview Assets.xcassets"; sourceTree = "<group>"; };
		EA8668FD29BC99970091163B /* Breeds.swift */ = {isa = PBXFileReference; lastKnownFileType = sourcecode.swift; path = Breeds.swift; sourceTree = "<group>"; };
		EA8668FF29BC9CF50091163B /* BreedRowView.swift */ = {isa = PBXFileReference; lastKnownFileType = sourcecode.swift; path = BreedRowView.swift; sourceTree = "<group>"; };
		EA86690129BC9D7E0091163B /* BreedDetailView.swift */ = {isa = PBXFileReference; lastKnownFileType = sourcecode.swift; path = BreedDetailView.swift; sourceTree = "<group>"; };
		EA86690329BCA3BC0091163B /* BreedGridCellView.swift */ = {isa = PBXFileReference; lastKnownFileType = sourcecode.swift; path = BreedGridCellView.swift; sourceTree = "<group>"; };
		EA86690B29BCF41C0091163B /* CatFactView.swift */ = {isa = PBXFileReference; lastKnownFileType = sourcecode.swift; path = CatFactView.swift; sourceTree = "<group>"; };
/* End PBXFileReference section */

/* Begin PBXFrameworksBuildPhase section */
		EA698F7D29BBDE6C000768E3 /* Frameworks */ = {
			isa = PBXFrameworksBuildPhase;
			buildActionMask = 2147483647;
			files = (
				EA86690F29BCFADD0091163B /* URLImage in Frameworks */,
			);
			runOnlyForDeploymentPostprocessing = 0;
		};
/* End PBXFrameworksBuildPhase section */

/* Begin PBXGroup section */
		EA38963229C1D68A00D64605 /* Views */ = {
			isa = PBXGroup;
			children = (
				EA698F8529BBDE6C000768E3 /* ContentView.swift */,
				EA38962629C1989200D64605 /* FoodListView.swift */,
				EA38962A29C1AEA800D64605 /* YouTubePlayerView.swift */,
				EA38962829C1A0C700D64605 /* FoodDetailView.swift */,
				EA38963029C1D4B000D64605 /* GamesDetailView.swift */,
				EA86690129BC9D7E0091163B /* BreedDetailView.swift */,
				EA8668FF29BC9CF50091163B /* BreedRowView.swift */,
				EA86690329BCA3BC0091163B /* BreedGridCellView.swift */,
				EA86690B29BCF41C0091163B /* CatFactView.swift */,
				EA38962E29C1D31700D64605 /* GamesListView.swift */,
				EA38963329C1D7A900D64605 /* QuizView.swift */,
			);
			path = Views;
			sourceTree = "<group>";
		};
		EA698F7729BBDE6C000768E3 = {
			isa = PBXGroup;
			children = (
				EA698F8229BBDE6C000768E3 /* CatsAPP */,
				EA698F8129BBDE6C000768E3 /* Products */,
			);
			sourceTree = "<group>";
		};
		EA698F8129BBDE6C000768E3 /* Products */ = {
			isa = PBXGroup;
			children = (
				EA698F8029BBDE6C000768E3 /* CatsAPP.app */,
			);
			name = Products;
			sourceTree = "<group>";
		};
		EA698F8229BBDE6C000768E3 /* CatsAPP */ = {
			isa = PBXGroup;
			children = (
				EA38963229C1D68A00D64605 /* Views */,
				EA698F8329BBDE6C000768E3 /* CatsAPPApp.swift */,
				EA698F8729BBDE6D000768E3 /* Assets.xcassets */,
				EA698F8929BBDE6D000768E3 /* Preview Content */,
				EA8668FD29BC99970091163B /* Breeds.swift */,
				EA38962C29C1D23F00D64605 /* Games.swift */,
				EA38962429C1981E00D64605 /* Food.swift */,
				EA38963529C2D6C900D64605 /* Questions.swift */,
			);
			path = CatsAPP;
			sourceTree = "<group>";
		};
		EA698F8929BBDE6D000768E3 /* Preview Content */ = {
			isa = PBXGroup;
			children = (
				EA698F8A29BBDE6D000768E3 /* Preview Assets.xcassets */,
			);
			path = "Preview Content";
			sourceTree = "<group>";
		};
/* End PBXGroup section */

/* Begin PBXNativeTarget section */
		EA698F7F29BBDE6C000768E3 /* CatsAPP */ = {
			isa = PBXNativeTarget;
			buildConfigurationList = EA698F8E29BBDE6D000768E3 /* Build configuration list for PBXNativeTarget "CatsAPP" */;
			buildPhases = (
				EA698F7C29BBDE6C000768E3 /* Sources */,
				EA698F7D29BBDE6C000768E3 /* Frameworks */,
				EA698F7E29BBDE6C000768E3 /* Resources */,
			);
			buildRules = (
			);
			dependencies = (
			);
			name = CatsAPP;
			packageProductDependencies = (
				EA86690E29BCFADD0091163B /* URLImage */,
			);
			productName = CatsAPP;
			productReference = EA698F8029BBDE6C000768E3 /* CatsAPP.app */;
			productType = "com.apple.product-type.application";
		};
/* End PBXNativeTarget section */

/* Begin PBXProject section */
		EA698F7829BBDE6C000768E3 /* Project object */ = {
			isa = PBXProject;
			attributes = {
				BuildIndependentTargetsInParallel = 1;
				LastSwiftUpdateCheck = 1420;
				LastUpgradeCheck = 1420;
				TargetAttributes = {
					EA698F7F29BBDE6C000768E3 = {
						CreatedOnToolsVersion = 14.2;
					};
				};
			};
			buildConfigurationList = EA698F7B29BBDE6C000768E3 /* Build configuration list for PBXProject "CatsAPP" */;
			compatibilityVersion = "Xcode 14.0";
			developmentRegion = en;
			hasScannedForEncodings = 0;
			knownRegions = (
				en,
				Base,
			);
			mainGroup = EA698F7729BBDE6C000768E3;
			packageReferences = (
				EA86690D29BCFADD0091163B /* XCRemoteSwiftPackageReference "url-image" */,
			);
			productRefGroup = EA698F8129BBDE6C000768E3 /* Products */;
			projectDirPath = "";
			projectRoot = "";
			targets = (
				EA698F7F29BBDE6C000768E3 /* CatsAPP */,
			);
		};
/* End PBXProject section */

/* Begin PBXResourcesBuildPhase section */
		EA698F7E29BBDE6C000768E3 /* Resources */ = {
			isa = PBXResourcesBuildPhase;
			buildActionMask = 2147483647;
			files = (
				EA698F8B29BBDE6D000768E3 /* Preview Assets.xcassets in Resources */,
				EA698F8829BBDE6D000768E3 /* Assets.xcassets in Resources */,
			);
			runOnlyForDeploymentPostprocessing = 0;
		};
/* End PBXResourcesBuildPhase section */

/* Begin PBXSourcesBuildPhase section */
		EA698F7C29BBDE6C000768E3 /* Sources */ = {
			isa = PBXSourcesBuildPhase;
			buildActionMask = 2147483647;
			files = (
				EA38962529C1981E00D64605 /* Food.swift in Sources */,
				EA86690029BC9CF50091163B /* BreedRowView.swift in Sources */,
				EA38963429C1D7A900D64605 /* QuizView.swift in Sources */,
				EA38962F29C1D31700D64605 /* GamesListView.swift in Sources */,
				EA86690429BCA3BC0091163B /* BreedGridCellView.swift in Sources */,
				EA38963629C2D6C900D64605 /* Questions.swift in Sources */,
				EA38962D29C1D23F00D64605 /* Games.swift in Sources */,
				EA86690C29BCF41C0091163B /* CatFactView.swift in Sources */,
				EA8668FE29BC99970091163B /* Breeds.swift in Sources */,
				EA86690229BC9D7E0091163B /* BreedDetailView.swift in Sources */,
				EA698F8629BBDE6C000768E3 /* ContentView.swift in Sources */,
				EA38962929C1A0C700D64605 /* FoodDetailView.swift in Sources */,
				EA38962B29C1AEA800D64605 /* YouTubePlayerView.swift in Sources */,
				EA38963129C1D4B000D64605 /* GamesDetailView.swift in Sources */,
				EA698F8429BBDE6C000768E3 /* CatsAPPApp.swift in Sources */,
				EA38962729C1989200D64605 /* FoodListView.swift in Sources */,
			);
			runOnlyForDeploymentPostprocessing = 0;
		};
/* End PBXSourcesBuildPhase section */

/* Begin XCBuildConfiguration section */
		EA698F8C29BBDE6D000768E3 /* Debug */ = {
			isa = XCBuildConfiguration;
			buildSettings = {
				ALWAYS_SEARCH_USER_PATHS = NO;
				CLANG_ANALYZER_NONNULL = YES;
				CLANG_ANALYZER_NUMBER_OBJECT_CONVERSION = YES_AGGRESSIVE;
				CLANG_CXX_LANGUAGE_STANDARD = "gnu++20";
				CLANG_ENABLE_MODULES = YES;
				CLANG_ENABLE_OBJC_ARC = YES;
				CLANG_ENABLE_OBJC_WEAK = YES;
				CLANG_WARN_BLOCK_CAPTURE_AUTORELEASING = YES;
				CLANG_WARN_BOOL_CONVERSION = YES;
				CLANG_WARN_COMMA = YES;
				CLANG_WARN_CONSTANT_CONVERSION = YES;
				CLANG_WARN_DEPRECATED_OBJC_IMPLEMENTATIONS = YES;
				CLANG_WARN_DIRECT_OBJC_ISA_USAGE = YES_ERROR;
				CLANG_WARN_DOCUMENTATION_COMMENTS = YES;
				CLANG_WARN_EMPTY_BODY = YES;
				CLANG_WARN_ENUM_CONVERSION = YES;
				CLANG_WARN_INFINITE_RECURSION = YES;
				CLANG_WARN_INT_CONVERSION = YES;
				CLANG_WARN_NON_LITERAL_NULL_CONVERSION = YES;
				CLANG_WARN_OBJC_IMPLICIT_RETAIN_SELF = YES;
				CLANG_WARN_OBJC_LITERAL_CONVERSION = YES;
				CLANG_WARN_OBJC_ROOT_CLASS = YES_ERROR;
				CLANG_WARN_QUOTED_INCLUDE_IN_FRAMEWORK_HEADER = YES;
				CLANG_WARN_RANGE_LOOP_ANALYSIS = YES;
				CLANG_WARN_STRICT_PROTOTYPES = YES;
				CLANG_WARN_SUSPICIOUS_MOVE = YES;
				CLANG_WARN_UNGUARDED_AVAILABILITY = YES_AGGRESSIVE;
				CLANG_WARN_UNREACHABLE_CODE = YES;
				CLANG_WARN__DUPLICATE_METHOD_MATCH = YES;
				COPY_PHASE_STRIP = NO;
				DEBUG_INFORMATION_FORMAT = dwarf;
				ENABLE_STRICT_OBJC_MSGSEND = YES;
				ENABLE_TESTABILITY = YES;
				GCC_C_LANGUAGE_STANDARD = gnu11;
				GCC_DYNAMIC_NO_PIC = NO;
				GCC_NO_COMMON_BLOCKS = YES;
				GCC_OPTIMIZATION_LEVEL = 0;
				GCC_PREPROCESSOR_DEFINITIONS = (
					"DEBUG=1",
					"$(inherited)",
				);
				GCC_WARN_64_TO_32_BIT_CONVERSION = YES;
				GCC_WARN_ABOUT_RETURN_TYPE = YES_ERROR;
				GCC_WARN_UNDECLARED_SELECTOR = YES;
				GCC_WARN_UNINITIALIZED_AUTOS = YES_AGGRESSIVE;
				GCC_WARN_UNUSED_FUNCTION = YES;
				GCC_WARN_UNUSED_VARIABLE = YES;
				IPHONEOS_DEPLOYMENT_TARGET = 16.2;
				MTL_ENABLE_DEBUG_INFO = INCLUDE_SOURCE;
				MTL_FAST_MATH = YES;
				ONLY_ACTIVE_ARCH = YES;
				SDKROOT = iphoneos;
				SWIFT_ACTIVE_COMPILATION_CONDITIONS = DEBUG;
				SWIFT_OPTIMIZATION_LEVEL = "-Onone";
			};
			name = Debug;
		};
		EA698F8D29BBDE6D000768E3 /* Release */ = {
			isa = XCBuildConfiguration;
			buildSettings = {
				ALWAYS_SEARCH_USER_PATHS = NO;
				CLANG_ANALYZER_NONNULL = YES;
				CLANG_ANALYZER_NUMBER_OBJECT_CONVERSION = YES_AGGRESSIVE;
				CLANG_CXX_LANGUAGE_STANDARD = "gnu++20";
				CLANG_ENABLE_MODULES = YES;
				CLANG_ENABLE_OBJC_ARC = YES;
				CLANG_ENABLE_OBJC_WEAK = YES;
				CLANG_WARN_BLOCK_CAPTURE_AUTORELEASING = YES;
				CLANG_WARN_BOOL_CONVERSION = YES;
				CLANG_WARN_COMMA = YES;
				CLANG_WARN_CONSTANT_CONVERSION = YES;
				CLANG_WARN_DEPRECATED_OBJC_IMPLEMENTATIONS = YES;
				CLANG_WARN_DIRECT_OBJC_ISA_USAGE = YES_ERROR;
				CLANG_WARN_DOCUMENTATION_COMMENTS = YES;
				CLANG_WARN_EMPTY_BODY = YES;
				CLANG_WARN_ENUM_CONVERSION = YES;
				CLANG_WARN_INFINITE_RECURSION = YES;
				CLANG_WARN_INT_CONVERSION = YES;
				CLANG_WARN_NON_LITERAL_NULL_CONVERSION = YES;
				CLANG_WARN_OBJC_IMPLICIT_RETAIN_SELF = YES;
				CLANG_WARN_OBJC_LITERAL_CONVERSION = YES;
				CLANG_WARN_OBJC_ROOT_CLASS = YES_ERROR;
				CLANG_WARN_QUOTED_INCLUDE_IN_FRAMEWORK_HEADER = YES;
				CLANG_WARN_RANGE_LOOP_ANALYSIS = YES;
				CLANG_WARN_STRICT_PROTOTYPES = YES;
				CLANG_WARN_SUSPICIOUS_MOVE = YES;
				CLANG_WARN_UNGUARDED_AVAILABILITY = YES_AGGRESSIVE;
				CLANG_WARN_UNREACHABLE_CODE = YES;
				CLANG_WARN__DUPLICATE_METHOD_MATCH = YES;
				COPY_PHASE_STRIP = NO;
				DEBUG_INFORMATION_FORMAT = "dwarf-with-dsym";
				ENABLE_NS_ASSERTIONS = NO;
				ENABLE_STRICT_OBJC_MSGSEND = YES;
				GCC_C_LANGUAGE_STANDARD = gnu11;
				GCC_NO_COMMON_BLOCKS = YES;
				GCC_WARN_64_TO_32_BIT_CONVERSION = YES;
				GCC_WARN_ABOUT_RETURN_TYPE = YES_ERROR;
				GCC_WARN_UNDECLARED_SELECTOR = YES;
				GCC_WARN_UNINITIALIZED_AUTOS = YES_AGGRESSIVE;
				GCC_WARN_UNUSED_FUNCTION = YES;
				GCC_WARN_UNUSED_VARIABLE = YES;
				IPHONEOS_DEPLOYMENT_TARGET = 16.2;
				MTL_ENABLE_DEBUG_INFO = NO;
				MTL_FAST_MATH = YES;
				SDKROOT = iphoneos;
				SWIFT_COMPILATION_MODE = wholemodule;
				SWIFT_OPTIMIZATION_LEVEL = "-O";
				VALIDATE_PRODUCT = YES;
			};
			name = Release;
		};
		EA698F8F29BBDE6D000768E3 /* Debug */ = {
			isa = XCBuildConfiguration;
			buildSettings = {
				ASSETCATALOG_COMPILER_APPICON_NAME = AppIcon;
				ASSETCATALOG_COMPILER_GLOBAL_ACCENT_COLOR_NAME = AccentColor;
				CODE_SIGN_IDENTITY = "Apple Development";
				CODE_SIGN_STYLE = Automatic;
				CURRENT_PROJECT_VERSION = 1;
				DEVELOPMENT_ASSET_PATHS = "\"CatsAPP/Preview Content\"";
				DEVELOPMENT_TEAM = Z22YVGMK36;
				ENABLE_PREVIEWS = YES;
				GENERATE_INFOPLIST_FILE = YES;
				INFOPLIST_KEY_UIApplicationSceneManifest_Generation = YES;
				INFOPLIST_KEY_UIApplicationSupportsIndirectInputEvents = YES;
				INFOPLIST_KEY_UILaunchScreen_Generation = YES;
				INFOPLIST_KEY_UISupportedInterfaceOrientations_iPad = "UIInterfaceOrientationPortrait UIInterfaceOrientationPortraitUpsideDown UIInterfaceOrientationLandscapeLeft UIInterfaceOrientationLandscapeRight";
				INFOPLIST_KEY_UISupportedInterfaceOrientations_iPhone = "UIInterfaceOrientationPortrait UIInterfaceOrientationLandscapeLeft UIInterfaceOrientationLandscapeRight";
				LD_RUNPATH_SEARCH_PATHS = (
					"$(inherited)",
					"@executable_path/Frameworks",
				);
				MARKETING_VERSION = 1.0;
				PRODUCT_BUNDLE_IDENTIFIER = networkdavit.CatsAPP;
				PRODUCT_NAME = "$(TARGET_NAME)";
				PROVISIONING_PROFILE_SPECIFIER = "";
				SWIFT_EMIT_LOC_STRINGS = YES;
				SWIFT_VERSION = 5.0;
				TARGETED_DEVICE_FAMILY = "1,2";
			};
			name = Debug;
		};
		EA698F9029BBDE6D000768E3 /* Release */ = {
			isa = XCBuildConfiguration;
			buildSettings = {
				ASSETCATALOG_COMPILER_APPICON_NAME = AppIcon;
				ASSETCATALOG_COMPILER_GLOBAL_ACCENT_COLOR_NAME = AccentColor;
				CODE_SIGN_IDENTITY = "Apple Development";
				CODE_SIGN_STYLE = Automatic;
				CURRENT_PROJECT_VERSION = 1;
				DEVELOPMENT_ASSET_PATHS = "\"CatsAPP/Preview Content\"";
				DEVELOPMENT_TEAM = Z22YVGMK36;
				ENABLE_PREVIEWS = YES;
				GENERATE_INFOPLIST_FILE = YES;
				INFOPLIST_KEY_UIApplicationSceneManifest_Generation = YES;
				INFOPLIST_KEY_UIApplicationSupportsIndirectInputEvents = YES;
				INFOPLIST_KEY_UILaunchScreen_Generation = YES;
				INFOPLIST_KEY_UISupportedInterfaceOrientations_iPad = "UIInterfaceOrientationPortrait UIInterfaceOrientationPortraitUpsideDown UIInterfaceOrientationLandscapeLeft UIInterfaceOrientationLandscapeRight";
				INFOPLIST_KEY_UISupportedInterfaceOrientations_iPhone = "UIInterfaceOrientationPortrait UIInterfaceOrientationLandscapeLeft UIInterfaceOrientationLandscapeRight";
				LD_RUNPATH_SEARCH_PATHS = (
					"$(inherited)",
					"@executable_path/Frameworks",
				);
				MARKETING_VERSION = 1.0;
				PRODUCT_BUNDLE_IDENTIFIER = networkdavit.CatsAPP;
				PRODUCT_NAME = "$(TARGET_NAME)";
				PROVISIONING_PROFILE_SPECIFIER = "";
				SWIFT_EMIT_LOC_STRINGS = YES;
				SWIFT_VERSION = 5.0;
				TARGETED_DEVICE_FAMILY = "1,2";
			};
			name = Release;
		};
/* End XCBuildConfiguration section */

/* Begin XCConfigurationList section */
		EA698F7B29BBDE6C000768E3 /* Build configuration list for PBXProject "CatsAPP" */ = {
			isa = XCConfigurationList;
			buildConfigurations = (
				EA698F8C29BBDE6D000768E3 /* Debug */,
				EA698F8D29BBDE6D000768E3 /* Release */,
			);
			defaultConfigurationIsVisible = 0;
			defaultConfigurationName = Release;
		};
		EA698F8E29BBDE6D000768E3 /* Build configuration list for PBXNativeTarget "CatsAPP" */ = {
			isa = XCConfigurationList;
			buildConfigurations = (
				EA698F8F29BBDE6D000768E3 /* Debug */,
				EA698F9029BBDE6D000768E3 /* Release */,
			);
			defaultConfigurationIsVisible = 0;
			defaultConfigurationName = Release;
		};
/* End XCConfigurationList section */

/* Begin XCRemoteSwiftPackageReference section */
		EA86690D29BCFADD0091163B /* XCRemoteSwiftPackageReference "url-image" */ = {
			isa = XCRemoteSwiftPackageReference;
			repositoryURL = "https://github.com/dmytro-anokhin/url-image";
			requirement = {
				kind = upToNextMajorVersion;
				minimumVersion = 3.0.0;
			};
		};
/* End XCRemoteSwiftPackageReference section */

/* Begin XCSwiftPackageProductDependency section */
		EA86690E29BCFADD0091163B /* URLImage */ = {
			isa = XCSwiftPackageProductDependency;
			package = EA86690D29BCFADD0091163B /* XCRemoteSwiftPackageReference "url-image" */;
			productName = URLImage;
		};
/* End XCSwiftPackageProductDependency section */
	};
	rootObject = EA698F7829BBDE6C000768E3 /* Project object */;
}
